
Microsoft Visual Studio Solution File, Format Version 12.00
# Visual Studio Version 17
VisualStudioVersion = 17.7.34024.191
MinimumVisualStudioVersion = 10.0.40219.1
Project("{9A19103F-16F7-4668-BE54-9A1E7A4F7556}") = "Weasel.Tools.Extensions.Common", "Weasel.Tools.Extensions.Common\Weasel.Tools.Extensions.Common.csproj", "{D3595E1D-433F-4F4F-9EBE-2D77939BEEA8}"
EndProject
Project("{9A19103F-16F7-4668-BE54-9A1E7A4F7556}") = "Weasel.Tests", "Weasel.Tests\Weasel.Tests.csproj", "{9F5B7213-F757-4948-AB00-66E97578FB7A}"
EndProject
Project("{9A19103F-16F7-4668-BE54-9A1E7A4F7556}") = "Weasel.TagHelpers", "Weasel.TagHelpers\Weasel.TagHelpers.csproj", "{4272F63D-D0FF-424A-B37E-AD6BAC4D56E1}"
EndProject
Project("{9A19103F-16F7-4668-BE54-9A1E7A4F7556}") = "Weasel.Enums", "Weasel.Enums\Weasel.Enums.csproj", "{6E6E6138-DA8D-4AE5-BC68-466ED265086C}"
EndProject
Project("{9A19103F-16F7-4668-BE54-9A1E7A4F7556}") = "Weasel.Attributes", "Weasel.Attributes\Weasel.Attributes.csproj", "{453217B4-7FFE-44BE-A076-9B89CCC75BDF}"
EndProject
Project("{9A19103F-16F7-4668-BE54-9A1E7A4F7556}") = "Weasel.Tools.Extensions.EFCore", "Weasel.Tools.Extensions.EFCore\Weasel.Tools.Extensions.EFCore.csproj", "{5475782A-2EB1-4490-8CE7-A513F3ED9800}"
EndProject
Project("{FAE04EC0-301F-11D3-BF4B-00C04F79EFBC}") = "Weasel.Models.Audit", "Weasel.Models.Audit\Weasel.Models.Audit.csproj", "{58DAC9BC-FBF9-418D-B274-06894974382A}"
EndProject
Global
	GlobalSection(SolutionConfigurationPlatforms) = preSolution
		Debug|Any CPU = Debug|Any CPU
		Release|Any CPU = Release|Any CPU
	EndGlobalSection
	GlobalSection(ProjectConfigurationPlatforms) = postSolution
		{D3595E1D-433F-4F4F-9EBE-2D77939BEEA8}.Debug|Any CPU.ActiveCfg = Debug|Any CPU
		{D3595E1D-433F-4F4F-9EBE-2D77939BEEA8}.Debug|Any CPU.Build.0 = Debug|Any CPU
		{D3595E1D-433F-4F4F-9EBE-2D77939BEEA8}.Release|Any CPU.ActiveCfg = Release|Any CPU
		{D3595E1D-433F-4F4F-9EBE-2D77939BEEA8}.Release|Any CPU.Build.0 = Release|Any CPU
		{9F5B7213-F757-4948-AB00-66E97578FB7A}.Debug|Any CPU.ActiveCfg = Debug|Any CPU
		{9F5B7213-F757-4948-AB00-66E97578FB7A}.Debug|Any CPU.Build.0 = Debug|Any CPU
		{9F5B7213-F757-4948-AB00-66E97578FB7A}.Release|Any CPU.ActiveCfg = Release|Any CPU
		{9F5B7213-F757-4948-AB00-66E97578FB7A}.Release|Any CPU.Build.0 = Release|Any CPU
		{4272F63D-D0FF-424A-B37E-AD6BAC4D56E1}.Debug|Any CPU.ActiveCfg = Debug|Any CPU
		{4272F63D-D0FF-424A-B37E-AD6BAC4D56E1}.Debug|Any CPU.Build.0 = Debug|Any CPU
		{4272F63D-D0FF-424A-B37E-AD6BAC4D56E1}.Release|Any CPU.ActiveCfg = Release|Any CPU
		{4272F63D-D0FF-424A-B37E-AD6BAC4D56E1}.Release|Any CPU.Build.0 = Release|Any CPU
		{6E6E6138-DA8D-4AE5-BC68-466ED265086C}.Debug|Any CPU.ActiveCfg = Debug|Any CPU
		{6E6E6138-DA8D-4AE5-BC68-466ED265086C}.Debug|Any CPU.Build.0 = Debug|Any CPU
		{6E6E6138-DA8D-4AE5-BC68-466ED265086C}.Release|Any CPU.ActiveCfg = Release|Any CPU
		{6E6E6138-DA8D-4AE5-BC68-466ED265086C}.Release|Any CPU.Build.0 = Release|Any CPU
		{453217B4-7FFE-44BE-A076-9B89CCC75BDF}.Debug|Any CPU.ActiveCfg = Debug|Any CPU
		{453217B4-7FFE-44BE-A076-9B89CCC75BDF}.Debug|Any CPU.Build.0 = Debug|Any CPU
		{453217B4-7FFE-44BE-A076-9B89CCC75BDF}.Release|Any CPU.ActiveCfg = Release|Any CPU
		{453217B4-7FFE-44BE-A076-9B89CCC75BDF}.Release|Any CPU.Build.0 = Release|Any CPU
		{5475782A-2EB1-4490-8CE7-A513F3ED9800}.Debug|Any CPU.ActiveCfg = Debug|Any CPU
		{5475782A-2EB1-4490-8CE7-A513F3ED9800}.Debug|Any CPU.Build.0 = Debug|Any CPU
		{5475782A-2EB1-4490-8CE7-A513F3ED9800}.Release|Any CPU.ActiveCfg = Release|Any CPU
		{5475782A-2EB1-4490-8CE7-A513F3ED9800}.Release|Any CPU.Build.0 = Release|Any CPU
		{58DAC9BC-FBF9-418D-B274-06894974382A}.Debug|Any CPU.ActiveCfg = Debug|Any CPU
		{58DAC9BC-FBF9-418D-B274-06894974382A}.Debug|Any CPU.Build.0 = Debug|Any CPU
		{58DAC9BC-FBF9-418D-B274-06894974382A}.Release|Any CPU.ActiveCfg = Release|Any CPU
		{58DAC9BC-FBF9-418D-B274-06894974382A}.Release|Any CPU.Build.0 = Release|Any CPU
	EndGlobalSection
	GlobalSection(SolutionProperties) = preSolution
		HideSolutionNode = FALSE
	EndGlobalSection
	GlobalSection(ExtensibilityGlobals) = postSolution
		SolutionGuid = {FCD83288-407C-444F-B693-00C0F821B532}
	EndGlobalSection
EndGlobal
