
Microsoft Visual Studio Solution File, Format Version 12.00
# Visual Studio Version 17
VisualStudioVersion = 17.7.34024.191
MinimumVisualStudioVersion = 10.0.40219.1
Project("{9A19103F-16F7-4668-BE54-9A1E7A4F7556}") = "Weasel.Tools.Extensions.Common", "Weasel.Tools.Extensions.Common\Weasel.Tools.Extensions.Common.csproj", "{D3595E1D-433F-4F4F-9EBE-2D77939BEEA8}"
EndProject
Project("{9A19103F-16F7-4668-BE54-9A1E7A4F7556}") = "Weasel.TagHelpers", "Weasel.TagHelpers\Weasel.TagHelpers.csproj", "{4272F63D-D0FF-424A-B37E-AD6BAC4D56E1}"
EndProject
Project("{9A19103F-16F7-4668-BE54-9A1E7A4F7556}") = "Weasel.Audit", "Weasel.Audit\Weasel.Audit.csproj", "{B72715B3-8C74-460F-8A8B-159CE7810497}"
EndProject
Project("{9A19103F-16F7-4668-BE54-9A1E7A4F7556}") = "Weasel.Audit.AspNetCore.Extensions", "Weasel.Audit.AspNetCore.Extensions\Weasel.Audit.AspNetCore.Extensions.csproj", "{85634ABA-7B41-4490-9F10-F25B870AA9CD}"
EndProject
Project("{2150E333-8FDC-42A3-9474-1A3956D46DE8}") = "Images", "Images", "{82ABFE72-7873-4E81-BFB5-AF193F3D2F1F}"
	ProjectSection(SolutionItems) = preProject
		weasel.png = weasel.png
	EndProjectSection
EndProject
Project("{9A19103F-16F7-4668-BE54-9A1E7A4F7556}") = "Weasel.Audit.Repositories", "Weasel.Audit.Repositories\Weasel.Audit.Repositories.csproj", "{6393EAFA-02E6-4E81-900A-50145D591BB9}"
EndProject
Project("{2150E333-8FDC-42A3-9474-1A3956D46DE8}") = "DataBase", "DataBase", "{A5B35C6E-C347-4A58-AA56-37CEAB80E2F4}"
EndProject
Project("{2150E333-8FDC-42A3-9474-1A3956D46DE8}") = "Platforms", "Platforms", "{0287182B-97D6-4676-BB82-C5EFF1905089}"
EndProject
Project("{9A19103F-16F7-4668-BE54-9A1E7A4F7556}") = "Weasel.Audit.DependencyInjection.Extensions", "Weasel.Audit.DependencyInjection.Extensions\Weasel.Audit.DependencyInjection.Extensions.csproj", "{F5D7ACFF-1BF3-42AD-B5B8-3CB01B5C1012}"
EndProject
Global
	GlobalSection(SolutionConfigurationPlatforms) = preSolution
		Debug|Any CPU = Debug|Any CPU
		Release|Any CPU = Release|Any CPU
	EndGlobalSection
	GlobalSection(ProjectConfigurationPlatforms) = postSolution
		{D3595E1D-433F-4F4F-9EBE-2D77939BEEA8}.Debug|Any CPU.ActiveCfg = Debug|Any CPU
		{D3595E1D-433F-4F4F-9EBE-2D77939BEEA8}.Debug|Any CPU.Build.0 = Debug|Any CPU
		{D3595E1D-433F-4F4F-9EBE-2D77939BEEA8}.Release|Any CPU.ActiveCfg = Release|Any CPU
		{D3595E1D-433F-4F4F-9EBE-2D77939BEEA8}.Release|Any CPU.Build.0 = Release|Any CPU
		{4272F63D-D0FF-424A-B37E-AD6BAC4D56E1}.Debug|Any CPU.ActiveCfg = Debug|Any CPU
		{4272F63D-D0FF-424A-B37E-AD6BAC4D56E1}.Debug|Any CPU.Build.0 = Debug|Any CPU
		{4272F63D-D0FF-424A-B37E-AD6BAC4D56E1}.Release|Any CPU.ActiveCfg = Release|Any CPU
		{4272F63D-D0FF-424A-B37E-AD6BAC4D56E1}.Release|Any CPU.Build.0 = Release|Any CPU
		{B72715B3-8C74-460F-8A8B-159CE7810497}.Debug|Any CPU.ActiveCfg = Debug|Any CPU
		{B72715B3-8C74-460F-8A8B-159CE7810497}.Debug|Any CPU.Build.0 = Debug|Any CPU
		{B72715B3-8C74-460F-8A8B-159CE7810497}.Release|Any CPU.ActiveCfg = Release|Any CPU
		{B72715B3-8C74-460F-8A8B-159CE7810497}.Release|Any CPU.Build.0 = Release|Any CPU
		{85634ABA-7B41-4490-9F10-F25B870AA9CD}.Debug|Any CPU.ActiveCfg = Debug|Any CPU
		{85634ABA-7B41-4490-9F10-F25B870AA9CD}.Debug|Any CPU.Build.0 = Debug|Any CPU
		{85634ABA-7B41-4490-9F10-F25B870AA9CD}.Release|Any CPU.ActiveCfg = Release|Any CPU
		{85634ABA-7B41-4490-9F10-F25B870AA9CD}.Release|Any CPU.Build.0 = Release|Any CPU
		{6393EAFA-02E6-4E81-900A-50145D591BB9}.Debug|Any CPU.ActiveCfg = Debug|Any CPU
		{6393EAFA-02E6-4E81-900A-50145D591BB9}.Debug|Any CPU.Build.0 = Debug|Any CPU
		{6393EAFA-02E6-4E81-900A-50145D591BB9}.Release|Any CPU.ActiveCfg = Release|Any CPU
		{6393EAFA-02E6-4E81-900A-50145D591BB9}.Release|Any CPU.Build.0 = Release|Any CPU
		{F5D7ACFF-1BF3-42AD-B5B8-3CB01B5C1012}.Debug|Any CPU.ActiveCfg = Debug|Any CPU
		{F5D7ACFF-1BF3-42AD-B5B8-3CB01B5C1012}.Debug|Any CPU.Build.0 = Debug|Any CPU
		{F5D7ACFF-1BF3-42AD-B5B8-3CB01B5C1012}.Release|Any CPU.ActiveCfg = Release|Any CPU
		{F5D7ACFF-1BF3-42AD-B5B8-3CB01B5C1012}.Release|Any CPU.Build.0 = Release|Any CPU
	EndGlobalSection
	GlobalSection(SolutionProperties) = preSolution
		HideSolutionNode = FALSE
	EndGlobalSection
	GlobalSection(NestedProjects) = preSolution
		{85634ABA-7B41-4490-9F10-F25B870AA9CD} = {0287182B-97D6-4676-BB82-C5EFF1905089}
		{6393EAFA-02E6-4E81-900A-50145D591BB9} = {A5B35C6E-C347-4A58-AA56-37CEAB80E2F4}
		{F5D7ACFF-1BF3-42AD-B5B8-3CB01B5C1012} = {0287182B-97D6-4676-BB82-C5EFF1905089}
	EndGlobalSection
	GlobalSection(ExtensibilityGlobals) = postSolution
		SolutionGuid = {FCD83288-407C-444F-B693-00C0F821B532}
	EndGlobalSection
EndGlobal
